<?xml version="1.0" encoding="utf-8"?>
<Project ToolsVersion="4.0" xmlns="http://schemas.microsoft.com/developer/msbuild/2003">
  <ItemGroup>
    <Filter Include="Source Files">
      <UniqueIdentifier>{4FC737F1-C7A5-4376-A066-2A32D752A2FF}</UniqueIdentifier>
      <Extensions>cpp;c;cc;cxx;def;odl;idl;hpj;bat;asm;asmx</Extensions>
    </Filter>
    <Filter Include="Header Files">
      <UniqueIdentifier>{93995380-89BD-4b04-88EB-625FBE52EBFB}</UniqueIdentifier>
      <Extensions>h;hh;hpp;hxx;hm;inl;inc;ipp;xsd</Extensions>
    </Filter>
    <Filter Include="Resource Files">
      <UniqueIdentifier>{67DA6AB6-F800-4c08-8B7A-83BB121AAD01}</UniqueIdentifier>
      <Extensions>rc;ico;cur;bmp;dlg;rc2;rct;bin;rgs;gif;jpg;jpeg;jpe;resx;tiff;tif;png;wav;mfcribbon-ms</Extensions>
    </Filter>
  </ItemGroup>
  <ItemGroup>
    <ClCompile Include="Match3.cpp">
      <Filter>Source Files</Filter>
    </ClCompile>
    <ClCompile Include="Platform.cpp">
      <Filter>Source Files</Filter>
    </ClCompile>
    <ClCompile Include="State.cpp">
      <Filter>Source Files</Filter>
    </ClCompile>
    <ClCompile Include="Stack.cpp">
      <Filter>Source Files</Filter>
    </ClCompile>
    <ClCompile Include="NodoS.cpp">
      <Filter>Source Files</Filter>
    </ClCompile>
    <ClCompile Include="GameManager.cpp">
      <Filter>Source Files</Filter>
    </ClCompile>
    <ClCompile Include="Vector.cpp">
      <Filter>Source Files</Filter>
    </ClCompile>
    <ClCompile Include="MessageException.cpp">
      <Filter>Source Files</Filter>
    </ClCompile>
    <ClCompile Include="Vec2.cpp">
      <Filter>Source Files</Filter>
    </ClCompile>
    <ClCompile Include="Image.cpp">
      <Filter>Source Files</Filter>
    </ClCompile>
    <ClCompile Include="Button.cpp">
      <Filter>Source Files</Filter>
    </ClCompile>
    <ClCompile Include="Tree.cpp">
      <Filter>Source Files</Filter>
    </ClCompile>
    <ClCompile Include="NodeT.cpp">
      <Filter>Source Files</Filter>
    </ClCompile>
    <ClCompile Include="AssetManager.cpp">
      <Filter>Source Files</Filter>
    </ClCompile>
    <ClCompile Include="AudioManager.cpp">
      <Filter>Source Files</Filter>
    </ClCompile>
    <ClCompile Include="GameObject.cpp">
      <Filter>Source Files</Filter>
    </ClCompile>
    <ClCompile Include="List.cpp">
      <Filter>Source Files</Filter>
    </ClCompile>
    <ClCompile Include="NodeL.cpp">
      <Filter>Source Files</Filter>
    </ClCompile>
    <ClCompile Include="NodoG.cpp">
      <Filter>Source Files</Filter>
    </ClCompile>
    <ClCompile Include="Text.cpp">
      <Filter>Source Files</Filter>
    </ClCompile>
    <ClCompile Include="Inicio.cpp">
      <Filter>Source Files</Filter>
    </ClCompile>
    <ClCompile Include="StackAllocator.cpp">
      <Filter>Source Files</Filter>
    </ClCompile>
    <ClCompile Include="Seek.cpp">
      <Filter>Source Files</Filter>
    </ClCompile>
    <ClCompile Include="SeekAgent.cpp">
      <Filter>Source Files</Filter>
    </ClCompile>
    <ClCompile Include="Evade.cpp">
      <Filter>Source Files</Filter>
    </ClCompile>
    <ClCompile Include="Menu.cpp">
      <Filter>Source Files</Filter>
    </ClCompile>
    <ClCompile Include="Arrive.cpp">
      <Filter>Source Files</Filter>
    </ClCompile>
    <ClCompile Include="ArriveAgent.cpp">
      <Filter>Source Files</Filter>
    </ClCompile>
    <ClCompile Include="Offset.cpp">
      <Filter>Source Files</Filter>
    </ClCompile>
    <ClCompile Include="OffsetAgent.cpp">
      <Filter>Source Files</Filter>
    </ClCompile>
    <ClCompile Include="FollowPath.cpp">
      <Filter>Source Files</Filter>
    </ClCompile>
    <ClCompile Include="PathAgent.cpp">
      <Filter>Source Files</Filter>
    </ClCompile>
    <ClCompile Include="Interpose.cpp">
      <Filter>Source Files</Filter>
    </ClCompile>
    <ClCompile Include="InterposeAgent.cpp">
      <Filter>Source Files</Filter>
    </ClCompile>
    <ClCompile Include="Wander.cpp">
      <Filter>Source Files</Filter>
    </ClCompile>
    <ClCompile Include="WanderAgent.cpp">
      <Filter>Source Files</Filter>
    </ClCompile>
    <ClCompile Include="FleeAgent.cpp">
      <Filter>Source Files</Filter>
    </ClCompile>
    <ClCompile Include="PursuitAgent.cpp">
      <Filter>Source Files</Filter>
    </ClCompile>
    <ClCompile Include="Pursuit.cpp">
      <Filter>Source Files</Filter>
    </ClCompile>
    <ClCompile Include="EvadeAgent.cpp">
      <Filter>Source Files</Filter>
    </ClCompile>
    <ClCompile Include="CollisionAvoid.cpp">
      <Filter>Source Files</Filter>
    </ClCompile>
    <ClCompile Include="CollisionAgent.cpp">
      <Filter>Source Files</Filter>
    </ClCompile>
    <ClCompile Include="WallAvoid.cpp">
      <Filter>Source Files</Filter>
    </ClCompile>
    <ClCompile Include="WallAgent.cpp">
      <Filter>Source Files</Filter>
    </ClCompile>
    <ClCompile Include="Hide.cpp">
      <Filter>Source Files</Filter>
    </ClCompile>
    <ClCompile Include="HideAgent.cpp">
      <Filter>Source Files</Filter>
    </ClCompile>
  </ItemGroup>
  <ItemGroup>
    <ClInclude Include="Platform.h">
      <Filter>Header Files</Filter>
    </ClInclude>
    <ClInclude Include="State.h">
      <Filter>Header Files</Filter>
    </ClInclude>
    <ClInclude Include="Stack.h">
      <Filter>Header Files</Filter>
    </ClInclude>
    <ClInclude Include="NodoS.h">
      <Filter>Header Files</Filter>
    </ClInclude>
    <ClInclude Include="GameManager.h">
      <Filter>Header Files</Filter>
    </ClInclude>
    <ClInclude Include="Vector.h">
      <Filter>Header Files</Filter>
    </ClInclude>
    <ClInclude Include="MessageException.h">
      <Filter>Header Files</Filter>
    </ClInclude>
    <ClInclude Include="MouseData.h">
      <Filter>Header Files</Filter>
    </ClInclude>
    <ClInclude Include="Vec2.h">
      <Filter>Header Files</Filter>
    </ClInclude>
    <ClInclude Include="Image.h">
      <Filter>Header Files</Filter>
    </ClInclude>
    <ClInclude Include="Button.h">
      <Filter>Header Files</Filter>
    </ClInclude>
    <ClInclude Include="Tree.h">
      <Filter>Header Files</Filter>
    </ClInclude>
    <ClInclude Include="NodeT.h">
      <Filter>Header Files</Filter>
    </ClInclude>
    <ClInclude Include="AssetManager.h">
      <Filter>Header Files</Filter>
    </ClInclude>
    <ClInclude Include="AudioManager.h">
      <Filter>Header Files</Filter>
    </ClInclude>
    <ClInclude Include="GameObject.h">
      <Filter>Header Files</Filter>
    </ClInclude>
    <ClInclude Include="List.h">
      <Filter>Header Files</Filter>
    </ClInclude>
    <ClInclude Include="NodeL.h">
      <Filter>Header Files</Filter>
    </ClInclude>
    <ClInclude Include="NodoG.h">
      <Filter>Header Files</Filter>
    </ClInclude>
    <ClInclude Include="Text.h">
      <Filter>Header Files</Filter>
    </ClInclude>
    <ClInclude Include="Inicio.h">
      <Filter>Header Files</Filter>
    </ClInclude>
    <ClInclude Include="StackAllocator.h">
      <Filter>Header Files</Filter>
    </ClInclude>
    <ClInclude Include="Seek.h">
      <Filter>Header Files</Filter>
    </ClInclude>
    <ClInclude Include="SeekAgent.h">
      <Filter>Header Files</Filter>
    </ClInclude>
    <ClInclude Include="Evade.h">
      <Filter>Header Files</Filter>
    </ClInclude>
    <ClInclude Include="Menu.h">
      <Filter>Header Files</Filter>
    </ClInclude>
    <ClInclude Include="Arrive.h">
      <Filter>Header Files</Filter>
    </ClInclude>
    <ClInclude Include="ArriveAgent.h">
      <Filter>Header Files</Filter>
    </ClInclude>
    <ClInclude Include="Offset.h">
      <Filter>Header Files</Filter>
    </ClInclude>
    <ClInclude Include="OffsetAgent.h">
      <Filter>Header Files</Filter>
    </ClInclude>
    <ClInclude Include="FollowPath.h">
      <Filter>Header Files</Filter>
    </ClInclude>
    <ClInclude Include="PathAgent.h">
      <Filter>Header Files</Filter>
    </ClInclude>
    <ClInclude Include="Interpose.h">
      <Filter>Header Files</Filter>
    </ClInclude>
    <ClInclude Include="InterposeAgent.h">
      <Filter>Header Files</Filter>
    </ClInclude>
    <ClInclude Include="Wander.h">
      <Filter>Header Files</Filter>
    </ClInclude>
    <ClInclude Include="WanderAgent.h">
      <Filter>Header Files</Filter>
    </ClInclude>
    <ClInclude Include="FleeAgent.h">
      <Filter>Header Files</Filter>
    </ClInclude>
    <ClInclude Include="PursuitAgent.h">
      <Filter>Header Files</Filter>
    </ClInclude>
    <ClInclude Include="Pursuit.h">
      <Filter>Header Files</Filter>
    </ClInclude>
    <ClInclude Include="EvadeAgent.h">
      <Filter>Header Files</Filter>
    </ClInclude>
    <ClInclude Include="CollisionAvoid.h">
      <Filter>Header Files</Filter>
    </ClInclude>
    <ClInclude Include="CollisionAgent.h">
      <Filter>Header Files</Filter>
    </ClInclude>
    <ClInclude Include="WallAvoid.h">
      <Filter>Header Files</Filter>
    </ClInclude>
    <ClInclude Include="WallAgent.h">
      <Filter>Header Files</Filter>
    </ClInclude>
    <ClInclude Include="Hide.h">
      <Filter>Header Files</Filter>
    </ClInclude>
    <ClInclude Include="HideAgent.h">
      <Filter>Header Files</Filter>
    </ClInclude>
  </ItemGroup>
</Project>